
Microsoft Visual Studio Solution File, Format Version 12.00
# Visual Studio 15
VisualStudioVersion = 15.0.28307.421
MinimumVisualStudioVersion = 10.0.40219.1
Project("{FAE04EC0-301F-11D3-BF4B-00C04F79EFBC}") = "WpfApp5", "WpfApp5\WpfApp5.csproj", "{AE60BC90-F09F-4047-B04A-324E705FC24A}"
EndProject
Global
	GlobalSection(SolutionConfigurationPlatforms) = preSolution
		Debug|Any CPU = Debug|Any CPU
		Release|Any CPU = Release|Any CPU
	EndGlobalSection
	GlobalSection(ProjectConfigurationPlatforms) = postSolution
		{AE60BC90-F09F-4047-B04A-324E705FC24A}.Debug|Any CPU.ActiveCfg = Debug|Any CPU
		{AE60BC90-F09F-4047-B04A-324E705FC24A}.Debug|Any CPU.Build.0 = Debug|Any CPU
		{AE60BC90-F09F-4047-B04A-324E705FC24A}.Release|Any CPU.ActiveCfg = Release|Any CPU
		{AE60BC90-F09F-4047-B04A-324E705FC24A}.Release|Any CPU.Build.0 = Release|Any CPU
	EndGlobalSection
	GlobalSection(SolutionProperties) = preSolution
		HideSolutionNode = FALSE
	EndGlobalSection
	GlobalSection(ExtensibilityGlobals) = postSolution
		SolutionGuid = {3E18521C-FA1E-43E6-B696-8874C32DE82A}
	EndGlobalSection
EndGlobal
